// !$*UTF8*$!
{
	archiveVersion = 1;
	classes = {
	};
	objectVersion = 55;
	objects = {

/* Begin PBXBuildFile section */
		3AED4E04B312158D02FE953A /* Pods_CombinePhotoFiltering.framework in Frameworks */ = {isa = PBXBuildFile; fileRef = D2B691D13E09474D7E019241 /* Pods_CombinePhotoFiltering.framework */; };
		B68371C2274035CF0031015A /* AppDelegate.swift in Sources */ = {isa = PBXBuildFile; fileRef = B68371C1274035CF0031015A /* AppDelegate.swift */; };
		B68371C4274035CF0031015A /* SceneDelegate.swift in Sources */ = {isa = PBXBuildFile; fileRef = B68371C3274035CF0031015A /* SceneDelegate.swift */; };
		B68371C6274035CF0031015A /* ViewController.swift in Sources */ = {isa = PBXBuildFile; fileRef = B68371C5274035CF0031015A /* ViewController.swift */; };
		B68371C9274035CF0031015A /* Main.storyboard in Resources */ = {isa = PBXBuildFile; fileRef = B68371C7274035CF0031015A /* Main.storyboard */; };
		B68371CB274035D00031015A /* Assets.xcassets in Resources */ = {isa = PBXBuildFile; fileRef = B68371CA274035D00031015A /* Assets.xcassets */; };
		B68371CE274035D00031015A /* LaunchScreen.storyboard in Resources */ = {isa = PBXBuildFile; fileRef = B68371CC274035D00031015A /* LaunchScreen.storyboard */; };
		B68371D627403F920031015A /* PhotosCollectionViewController.swift in Sources */ = {isa = PBXBuildFile; fileRef = B68371D527403F920031015A /* PhotosCollectionViewController.swift */; };
		B68371D8274044780031015A /* PhotoCollectionViewCell.swift in Sources */ = {isa = PBXBuildFile; fileRef = B68371D7274044780031015A /* PhotoCollectionViewCell.swift */; };
/* End PBXBuildFile section */

/* Begin PBXFileReference section */
		36BF1D7D0AC763D358C62D9E /* Pods-CombinePhotoFiltering.release.xcconfig */ = {isa = PBXFileReference; includeInIndex = 1; lastKnownFileType = text.xcconfig; name = "Pods-CombinePhotoFiltering.release.xcconfig"; path = "Target Support Files/Pods-CombinePhotoFiltering/Pods-CombinePhotoFiltering.release.xcconfig"; sourceTree = "<group>"; };
		646FB3B36CC127467341AFA4 /* Pods-CombinePhotoFiltering.debug.xcconfig */ = {isa = PBXFileReference; includeInIndex = 1; lastKnownFileType = text.xcconfig; name = "Pods-CombinePhotoFiltering.debug.xcconfig"; path = "Target Support Files/Pods-CombinePhotoFiltering/Pods-CombinePhotoFiltering.debug.xcconfig"; sourceTree = "<group>"; };
		B68371BE274035CF0031015A /* CombinePhotoFiltering.app */ = {isa = PBXFileReference; explicitFileType = wrapper.application; includeInIndex = 0; path = CombinePhotoFiltering.app; sourceTree = BUILT_PRODUCTS_DIR; };
		B68371C1274035CF0031015A /* AppDelegate.swift */ = {isa = PBXFileReference; lastKnownFileType = sourcecode.swift; path = AppDelegate.swift; sourceTree = "<group>"; };
		B68371C3274035CF0031015A /* SceneDelegate.swift */ = {isa = PBXFileReference; lastKnownFileType = sourcecode.swift; path = SceneDelegate.swift; sourceTree = "<group>"; };
		B68371C5274035CF0031015A /* ViewController.swift */ = {isa = PBXFileReference; lastKnownFileType = sourcecode.swift; path = ViewController.swift; sourceTree = "<group>"; };
		B68371C8274035CF0031015A /* Base */ = {isa = PBXFileReference; lastKnownFileType = file.storyboard; name = Base; path = Base.lproj/Main.storyboard; sourceTree = "<group>"; };
		B68371CA274035D00031015A /* Assets.xcassets */ = {isa = PBXFileReference; lastKnownFileType = folder.assetcatalog; path = Assets.xcassets; sourceTree = "<group>"; };
		B68371CD274035D00031015A /* Base */ = {isa = PBXFileReference; lastKnownFileType = file.storyboard; name = Base; path = Base.lproj/LaunchScreen.storyboard; sourceTree = "<group>"; };
		B68371CF274035D00031015A /* Info.plist */ = {isa = PBXFileReference; lastKnownFileType = text.plist.xml; path = Info.plist; sourceTree = "<group>"; };
		B68371D527403F920031015A /* PhotosCollectionViewController.swift */ = {isa = PBXFileReference; lastKnownFileType = sourcecode.swift; path = PhotosCollectionViewController.swift; sourceTree = "<group>"; };
		B68371D7274044780031015A /* PhotoCollectionViewCell.swift */ = {isa = PBXFileReference; lastKnownFileType = sourcecode.swift; path = PhotoCollectionViewCell.swift; sourceTree = "<group>"; };
		D2B691D13E09474D7E019241 /* Pods_CombinePhotoFiltering.framework */ = {isa = PBXFileReference; explicitFileType = wrapper.framework; includeInIndex = 0; path = Pods_CombinePhotoFiltering.framework; sourceTree = BUILT_PRODUCTS_DIR; };
/* End PBXFileReference section */

/* Begin PBXFrameworksBuildPhase section */
		B68371BB274035CF0031015A /* Frameworks */ = {
			isa = PBXFrameworksBuildPhase;
			buildActionMask = 2147483647;
			files = (
				3AED4E04B312158D02FE953A /* Pods_CombinePhotoFiltering.framework in Frameworks */,
			);
			runOnlyForDeploymentPostprocessing = 0;
		};
/* End PBXFrameworksBuildPhase section */

/* Begin PBXGroup section */
		03C1BB9A94D8D24A7FA90EAC /* Frameworks */ = {
			isa = PBXGroup;
			children = (
				D2B691D13E09474D7E019241 /* Pods_CombinePhotoFiltering.framework */,
			);
			name = Frameworks;
			sourceTree = "<group>";
		};
		768A88013DC816B59049F013 /* Pods */ = {
			isa = PBXGroup;
			children = (
				646FB3B36CC127467341AFA4 /* Pods-CombinePhotoFiltering.debug.xcconfig */,
				36BF1D7D0AC763D358C62D9E /* Pods-CombinePhotoFiltering.release.xcconfig */,
			);
			path = Pods;
			sourceTree = "<group>";
		};
		B68371B5274035CF0031015A = {
			isa = PBXGroup;
			children = (
				B68371C0274035CF0031015A /* CombinePhotoFiltering */,
				B68371BF274035CF0031015A /* Products */,
				768A88013DC816B59049F013 /* Pods */,
				03C1BB9A94D8D24A7FA90EAC /* Frameworks */,
			);
			sourceTree = "<group>";
		};
		B68371BF274035CF0031015A /* Products */ = {
			isa = PBXGroup;
			children = (
				B68371BE274035CF0031015A /* CombinePhotoFiltering.app */,
			);
			name = Products;
			sourceTree = "<group>";
		};
		B68371C0274035CF0031015A /* CombinePhotoFiltering */ = {
			isa = PBXGroup;
			children = (
				B68371C1274035CF0031015A /* AppDelegate.swift */,
				B68371C3274035CF0031015A /* SceneDelegate.swift */,
				B68371C5274035CF0031015A /* ViewController.swift */,
				B68371C7274035CF0031015A /* Main.storyboard */,
				B68371CA274035D00031015A /* Assets.xcassets */,
				B68371CC274035D00031015A /* LaunchScreen.storyboard */,
				B68371CF274035D00031015A /* Info.plist */,
				B68371D527403F920031015A /* PhotosCollectionViewController.swift */,
				B68371D7274044780031015A /* PhotoCollectionViewCell.swift */,
			);
			path = CombinePhotoFiltering;
			sourceTree = "<group>";
		};
/* End PBXGroup section */

/* Begin PBXNativeTarget section */
		B68371BD274035CF0031015A /* CombinePhotoFiltering */ = {
			isa = PBXNativeTarget;
			buildConfigurationList = B68371D2274035D00031015A /* Build configuration list for PBXNativeTarget "CombinePhotoFiltering" */;
			buildPhases = (
				3B9BF26DB397F32CB7C957B4 /* [CP] Check Pods Manifest.lock */,
				B68371BA274035CF0031015A /* Sources */,
				B68371BB274035CF0031015A /* Frameworks */,
				B68371BC274035CF0031015A /* Resources */,
			);
			buildRules = (
			);
			dependencies = (
			);
			name = CombinePhotoFiltering;
			productName = CombinePhotoFiltering;
			productReference = B68371BE274035CF0031015A /* CombinePhotoFiltering.app */;
			productType = "com.apple.product-type.application";
		};
/* End PBXNativeTarget section */

/* Begin PBXProject section */
		B68371B6274035CF0031015A /* Project object */ = {
			isa = PBXProject;
			attributes = {
				BuildIndependentTargetsInParallel = 1;
				LastSwiftUpdateCheck = 1310;
				LastUpgradeCheck = 1310;
				TargetAttributes = {
					B68371BD274035CF0031015A = {
						CreatedOnToolsVersion = 13.1;
					};
				};
			};
			buildConfigurationList = B68371B9274035CF0031015A /* Build configuration list for PBXProject "CombinePhotoFiltering" */;
			compatibilityVersion = "Xcode 13.0";
			developmentRegion = en;
			hasScannedForEncodings = 0;
			knownRegions = (
				en,
				Base,
			);
			mainGroup = B68371B5274035CF0031015A;
			productRefGroup = B68371BF274035CF0031015A /* Products */;
			projectDirPath = "";
			projectRoot = "";
			targets = (
				B68371BD274035CF0031015A /* CombinePhotoFiltering */,
			);
		};
/* End PBXProject section */

/* Begin PBXResourcesBuildPhase section */
		B68371BC274035CF0031015A /* Resources */ = {
			isa = PBXResourcesBuildPhase;
			buildActionMask = 2147483647;
			files = (
				B68371CE274035D00031015A /* LaunchScreen.storyboard in Resources */,
				B68371CB274035D00031015A /* Assets.xcassets in Resources */,
				B68371C9274035CF0031015A /* Main.storyboard in Resources */,
			);
			runOnlyForDeploymentPostprocessing = 0;
		};
/* End PBXResourcesBuildPhase section */

/* Begin PBXShellScriptBuildPhase section */
		3B9BF26DB397F32CB7C957B4 /* [CP] Check Pods Manifest.lock */ = {
			isa = PBXShellScriptBuildPhase;
			buildActionMask = 2147483647;
			files = (
			);
			inputFileListPaths = (
			);
			inputPaths = (
				"${PODS_PODFILE_DIR_PATH}/Podfile.lock",
				"${PODS_ROOT}/Manifest.lock",
			);
			name = "[CP] Check Pods Manifest.lock";
			outputFileListPaths = (
			);
			outputPaths = (
				"$(DERIVED_FILE_DIR)/Pods-CombinePhotoFiltering-checkManifestLockResult.txt",
			);
			runOnlyForDeploymentPostprocessing = 0;
			shellPath = /bin/sh;
			shellScript = "diff \"${PODS_PODFILE_DIR_PATH}/Podfile.lock\" \"${PODS_ROOT}/Manifest.lock\" > /dev/null\nif [ $? != 0 ] ; then\n    # print error to STDERR\n    echo \"error: The sandbox is not in sync with the Podfile.lock. Run 'pod install' or update your CocoaPods installation.\" >&2\n    exit 1\nfi\n# This output is used by Xcode 'outputs' to avoid re-running this script phase.\necho \"SUCCESS\" > \"${SCRIPT_OUTPUT_FILE_0}\"\n";
			showEnvVarsInLog = 0;
		};
/* End PBXShellScriptBuildPhase section */

/* Begin PBXSourcesBuildPhase section */
		B68371BA274035CF0031015A /* Sources */ = {
			isa = PBXSourcesBuildPhase;
			buildActionMask = 2147483647;
			files = (
				B68371C6274035CF0031015A /* ViewController.swift in Sources */,
				B68371D8274044780031015A /* PhotoCollectionViewCell.swift in Sources */,
				B68371C2274035CF0031015A /* AppDelegate.swift in Sources */,
				B68371C4274035CF0031015A /* SceneDelegate.swift in Sources */,
				B68371D627403F920031015A /* PhotosCollectionViewController.swift in Sources */,
			);
			runOnlyForDeploymentPostprocessing = 0;
		};
/* End PBXSourcesBuildPhase section */

/* Begin PBXVariantGroup section */
		B68371C7274035CF0031015A /* Main.storyboard */ = {
			isa = PBXVariantGroup;
			children = (
				B68371C8274035CF0031015A /* Base */,
			);
			name = Main.storyboard;
			sourceTree = "<group>";
		};
		B68371CC274035D00031015A /* LaunchScreen.storyboard */ = {
			isa = PBXVariantGroup;
			children = (
				B68371CD274035D00031015A /* Base */,
			);
			name = LaunchScreen.storyboard;
			sourceTree = "<group>";
		};
/* End PBXVariantGroup section */

/* Begin XCBuildConfiguration section */
		B68371D0274035D00031015A /* Debug */ = {
			isa = XCBuildConfiguration;
			buildSettings = {
				ALWAYS_SEARCH_USER_PATHS = NO;
				CLANG_ANALYZER_NONNULL = YES;
				CLANG_ANALYZER_NUMBER_OBJECT_CONVERSION = YES_AGGRESSIVE;
				CLANG_CXX_LANGUAGE_STANDARD = "gnu++17";
				CLANG_CXX_LIBRARY = "libc++";
				CLANG_ENABLE_MODULES = YES;
				CLANG_ENABLE_OBJC_ARC = YES;
				CLANG_ENABLE_OBJC_WEAK = YES;
				CLANG_WARN_BLOCK_CAPTURE_AUTORELEASING = YES;
				CLANG_WARN_BOOL_CONVERSION = YES;
				CLANG_WARN_COMMA = YES;
				CLANG_WARN_CONSTANT_CONVERSION = YES;
				CLANG_WARN_DEPRECATED_OBJC_IMPLEMENTATIONS = YES;
				CLANG_WARN_DIRECT_OBJC_ISA_USAGE = YES_ERROR;
				CLANG_WARN_DOCUMENTATION_COMMENTS = YES;
				CLANG_WARN_EMPTY_BODY = YES;
				CLANG_WARN_ENUM_CONVERSION = YES;
				CLANG_WARN_INFINITE_RECURSION = YES;
				CLANG_WARN_INT_CONVERSION = YES;
				CLANG_WARN_NON_LITERAL_NULL_CONVERSION = YES;
				CLANG_WARN_OBJC_IMPLICIT_RETAIN_SELF = YES;
				CLANG_WARN_OBJC_LITERAL_CONVERSION = YES;
				CLANG_WARN_OBJC_ROOT_CLASS = YES_ERROR;
				CLANG_WARN_QUOTED_INCLUDE_IN_FRAMEWORK_HEADER = YES;
				CLANG_WARN_RANGE_LOOP_ANALYSIS = YES;
				CLANG_WARN_STRICT_PROTOTYPES = YES;
				CLANG_WARN_SUSPICIOUS_MOVE = YES;
				CLANG_WARN_UNGUARDED_AVAILABILITY = YES_AGGRESSIVE;
				CLANG_WARN_UNREACHABLE_CODE = YES;
				CLANG_WARN__DUPLICATE_METHOD_MATCH = YES;
				COPY_PHASE_STRIP = NO;
				DEBUG_INFORMATION_FORMAT = dwarf;
				ENABLE_STRICT_OBJC_MSGSEND = YES;
				ENABLE_TESTABILITY = YES;
				GCC_C_LANGUAGE_STANDARD = gnu11;
				GCC_DYNAMIC_NO_PIC = NO;
				GCC_NO_COMMON_BLOCKS = YES;
				GCC_OPTIMIZATION_LEVEL = 0;
				GCC_PREPROCESSOR_DEFINITIONS = (
					"DEBUG=1",
					"$(inherited)",
				);
				GCC_WARN_64_TO_32_BIT_CONVERSION = YES;
				GCC_WARN_ABOUT_RETURN_TYPE = YES_ERROR;
				GCC_WARN_UNDECLARED_SELECTOR = YES;
				GCC_WARN_UNINITIALIZED_AUTOS = YES_AGGRESSIVE;
				GCC_WARN_UNUSED_FUNCTION = YES;
				GCC_WARN_UNUSED_VARIABLE = YES;
				IPHONEOS_DEPLOYMENT_TARGET = 15.0;
				MTL_ENABLE_DEBUG_INFO = INCLUDE_SOURCE;
				MTL_FAST_MATH = YES;
				ONLY_ACTIVE_ARCH = YES;
				SDKROOT = iphoneos;
				SWIFT_ACTIVE_COMPILATION_CONDITIONS = DEBUG;
				SWIFT_OPTIMIZATION_LEVEL = "-Onone";
			};
			name = Debug;
		};
		B68371D1274035D00031015A /* Release */ = {
			isa = XCBuildConfiguration;
			buildSettings = {
				ALWAYS_SEARCH_USER_PATHS = NO;
				CLANG_ANALYZER_NONNULL = YES;
				CLANG_ANALYZER_NUMBER_OBJECT_CONVERSION = YES_AGGRESSIVE;
				CLANG_CXX_LANGUAGE_STANDARD = "gnu++17";
				CLANG_CXX_LIBRARY = "libc++";
				CLANG_ENABLE_MODULES = YES;
				CLANG_ENABLE_OBJC_ARC = YES;
				CLANG_ENABLE_OBJC_WEAK = YES;
				CLANG_WARN_BLOCK_CAPTURE_AUTORELEASING = YES;
				CLANG_WARN_BOOL_CONVERSION = YES;
				CLANG_WARN_COMMA = YES;
				CLANG_WARN_CONSTANT_CONVERSION = YES;
				CLANG_WARN_DEPRECATED_OBJC_IMPLEMENTATIONS = YES;
				CLANG_WARN_DIRECT_OBJC_ISA_USAGE = YES_ERROR;
				CLANG_WARN_DOCUMENTATION_COMMENTS = YES;
				CLANG_WARN_EMPTY_BODY = YES;
				CLANG_WARN_ENUM_CONVERSION = YES;
				CLANG_WARN_INFINITE_RECURSION = YES;
				CLANG_WARN_INT_CONVERSION = YES;
				CLANG_WARN_NON_LITERAL_NULL_CONVERSION = YES;
				CLANG_WARN_OBJC_IMPLICIT_RETAIN_SELF = YES;
				CLANG_WARN_OBJC_LITERAL_CONVERSION = YES;
				CLANG_WARN_OBJC_ROOT_CLASS = YES_ERROR;
				CLANG_WARN_QUOTED_INCLUDE_IN_FRAMEWORK_HEADER = YES;
				CLANG_WARN_RANGE_LOOP_ANALYSIS = YES;
				CLANG_WARN_STRICT_PROTOTYPES = YES;
				CLANG_WARN_SUSPICIOUS_MOVE = YES;
				CLANG_WARN_UNGUARDED_AVAILABILITY = YES_AGGRESSIVE;
				CLANG_WARN_UNREACHABLE_CODE = YES;
				CLANG_WARN__DUPLICATE_METHOD_MATCH = YES;
				COPY_PHASE_STRIP = NO;
				DEBUG_INFORMATION_FORMAT = "dwarf-with-dsym";
				ENABLE_NS_ASSERTIONS = NO;
				ENABLE_STRICT_OBJC_MSGSEND = YES;
				GCC_C_LANGUAGE_STANDARD = gnu11;
				GCC_NO_COMMON_BLOCKS = YES;
				GCC_WARN_64_TO_32_BIT_CONVERSION = YES;
				GCC_WARN_ABOUT_RETURN_TYPE = YES_ERROR;
				GCC_WARN_UNDECLARED_SELECTOR = YES;
				GCC_WARN_UNINITIALIZED_AUTOS = YES_AGGRESSIVE;
				GCC_WARN_UNUSED_FUNCTION = YES;
				GCC_WARN_UNUSED_VARIABLE = YES;
				IPHONEOS_DEPLOYMENT_TARGET = 15.0;
				MTL_ENABLE_DEBUG_INFO = NO;
				MTL_FAST_MATH = YES;
				SDKROOT = iphoneos;
				SWIFT_COMPILATION_MODE = wholemodule;
				SWIFT_OPTIMIZATION_LEVEL = "-O";
				VALIDATE_PRODUCT = YES;
			};
			name = Release;
		};
		B68371D3274035D00031015A /* Debug */ = {
			isa = XCBuildConfiguration;
			baseConfigurationReference = 646FB3B36CC127467341AFA4 /* Pods-CombinePhotoFiltering.debug.xcconfig */;
			buildSettings = {
				ASSETCATALOG_COMPILER_APPICON_NAME = AppIcon;
				ASSETCATALOG_COMPILER_GLOBAL_ACCENT_COLOR_NAME = AccentColor;
				CODE_SIGN_STYLE = Automatic;
				CURRENT_PROJECT_VERSION = 1;
				GENERATE_INFOPLIST_FILE = YES;
				INFOPLIST_FILE = CombinePhotoFiltering/Info.plist;
				INFOPLIST_KEY_UIApplicationSupportsIndirectInputEvents = YES;
				INFOPLIST_KEY_UILaunchStoryboardName = LaunchScreen;
				INFOPLIST_KEY_UIMainStoryboardFile = Main;
				INFOPLIST_KEY_UISupportedInterfaceOrientations_iPad = "UIInterfaceOrientationPortrait UIInterfaceOrientationPortraitUpsideDown UIInterfaceOrientationLandscapeLeft UIInterfaceOrientationLandscapeRight";
				INFOPLIST_KEY_UISupportedInterfaceOrientations_iPhone = "UIInterfaceOrientationPortrait UIInterfaceOrientationLandscapeLeft UIInterfaceOrientationLandscapeRight";
				LD_RUNPATH_SEARCH_PATHS = (
					"$(inherited)",
					"@executable_path/Frameworks",
				);
				MARKETING_VERSION = 1.0;
				PRODUCT_BUNDLE_IDENTIFIER = com.CombinePhotoFiltering;
				PRODUCT_NAME = "$(TARGET_NAME)";
				SWIFT_EMIT_LOC_STRINGS = YES;
				SWIFT_VERSION = 5.0;
				TARGETED_DEVICE_FAMILY = "1,2";
			};
			name = Debug;
		};
		B68371D4274035D00031015A /* Release */ = {
			isa = XCBuildConfiguration;
			baseConfigurationReference = 36BF1D7D0AC763D358C62D9E /* Pods-CombinePhotoFiltering.release.xcconfig */;
			buildSettings = {
				ASSETCATALOG_COMPILER_APPICON_NAME = AppIcon;
				ASSETCATALOG_COMPILER_GLOBAL_ACCENT_COLOR_NAME = AccentColor;
				CODE_SIGN_STYLE = Automatic;
				CURRENT_PROJECT_VERSION = 1;
				GENERATE_INFOPLIST_FILE = YES;
				INFOPLIST_FILE = CombinePhotoFiltering/Info.plist;
				INFOPLIST_KEY_UIApplicationSupportsIndirectInputEvents = YES;
				INFOPLIST_KEY_UILaunchStoryboardName = LaunchScreen;
				INFOPLIST_KEY_UIMainStoryboardFile = Main;
				INFOPLIST_KEY_UISupportedInterfaceOrientations_iPad = "UIInterfaceOrientationPortrait UIInterfaceOrientationPortraitUpsideDown UIInterfaceOrientationLandscapeLeft UIInterfaceOrientationLandscapeRight";
				INFOPLIST_KEY_UISupportedInterfaceOrientations_iPhone = "UIInterfaceOrientationPortrait UIInterfaceOrientationLandscapeLeft UIInterfaceOrientationLandscapeRight";
				LD_RUNPATH_SEARCH_PATHS = (
					"$(inherited)",
					"@executable_path/Frameworks",
				);
				MARKETING_VERSION = 1.0;
				PRODUCT_BUNDLE_IDENTIFIER = com.CombinePhotoFiltering;
				PRODUCT_NAME = "$(TARGET_NAME)";
				SWIFT_EMIT_LOC_STRINGS = YES;
				SWIFT_VERSION = 5.0;
				TARGETED_DEVICE_FAMILY = "1,2";
			};
			name = Release;
		};
/* End XCBuildConfiguration section */

/* Begin XCConfigurationList section */
		B68371B9274035CF0031015A /* Build configuration list for PBXProject "CombinePhotoFiltering" */ = {
			isa = XCConfigurationList;
			buildConfigurations = (
				B68371D0274035D00031015A /* Debug */,
				B68371D1274035D00031015A /* Release */,
			);
			defaultConfigurationIsVisible = 0;
			defaultConfigurationName = Release;
		};
		B68371D2274035D00031015A /* Build configuration list for PBXNativeTarget "CombinePhotoFiltering" */ = {
			isa = XCConfigurationList;
			buildConfigurations = (
				B68371D3274035D00031015A /* Debug */,
				B68371D4274035D00031015A /* Release */,
			);
			defaultConfigurationIsVisible = 0;
			defaultConfigurationName = Release;
		};
/* End XCConfigurationList section */
	};
	rootObject = B68371B6274035CF0031015A /* Project object */;
}
